
Microsoft Visual Studio Solution File, Format Version 12.00
# Visual Studio Version 17
VisualStudioVersion = 17.12.35514.174
MinimumVisualStudioVersion = 10.0.40219.1
Project("{FAE04EC0-301F-11D3-BF4B-00C04F79EFBC}") = "Raft 5.2 Test Scenarios", "Raft 5.2 Test Scenarios\Raft 5.2 Test Scenarios.csproj", "{552035A0-BF0C-4765-A0F5-99F21C93D0E3}"
	ProjectSection(ProjectDependencies) = postProject
		{CD70A26B-61EF-4794-8C13-3F120492B8AE} = {CD70A26B-61EF-4794-8C13-3F120492B8AE}
	EndProjectSection
EndProject
Project("{FAE04EC0-301F-11D3-BF4B-00C04F79EFBC}") = "Raft 5.2 Class Library", "Raft 5.2 Class Library\Raft 5.2 Class Library.csproj", "{CD70A26B-61EF-4794-8C13-3F120492B8AE}"
EndProject
Project("{FAE04EC0-301F-11D3-BF4B-00C04F79EFBC}") = "WebSimulation", "WebSimulation\WebSimulation.csproj", "{E4C387F4-A306-4EE8-8F9B-7622E688274E}"
EndProject
Global
	GlobalSection(SolutionConfigurationPlatforms) = preSolution
		Debug|Any CPU = Debug|Any CPU
		Release|Any CPU = Release|Any CPU
	EndGlobalSection
	GlobalSection(ProjectConfigurationPlatforms) = postSolution
		{552035A0-BF0C-4765-A0F5-99F21C93D0E3}.Debug|Any CPU.ActiveCfg = Debug|Any CPU
		{552035A0-BF0C-4765-A0F5-99F21C93D0E3}.Debug|Any CPU.Build.0 = Debug|Any CPU
		{552035A0-BF0C-4765-A0F5-99F21C93D0E3}.Release|Any CPU.ActiveCfg = Release|Any CPU
		{552035A0-BF0C-4765-A0F5-99F21C93D0E3}.Release|Any CPU.Build.0 = Release|Any CPU
		{CD70A26B-61EF-4794-8C13-3F120492B8AE}.Debug|Any CPU.ActiveCfg = Debug|Any CPU
		{CD70A26B-61EF-4794-8C13-3F120492B8AE}.Debug|Any CPU.Build.0 = Debug|Any CPU
		{CD70A26B-61EF-4794-8C13-3F120492B8AE}.Release|Any CPU.ActiveCfg = Release|Any CPU
		{CD70A26B-61EF-4794-8C13-3F120492B8AE}.Release|Any CPU.Build.0 = Release|Any CPU
		{E4C387F4-A306-4EE8-8F9B-7622E688274E}.Debug|Any CPU.ActiveCfg = Debug|Any CPU
		{E4C387F4-A306-4EE8-8F9B-7622E688274E}.Debug|Any CPU.Build.0 = Debug|Any CPU
		{E4C387F4-A306-4EE8-8F9B-7622E688274E}.Release|Any CPU.ActiveCfg = Release|Any CPU
		{E4C387F4-A306-4EE8-8F9B-7622E688274E}.Release|Any CPU.Build.0 = Release|Any CPU
	EndGlobalSection
	GlobalSection(SolutionProperties) = preSolution
		HideSolutionNode = FALSE
	EndGlobalSection
EndGlobal
